
Microsoft Visual Studio Solution File, Format Version 12.00
# Visual Studio Version 16
VisualStudioVersion = 16.0.29409.12
MinimumVisualStudioVersion = 10.0.40219.1
Project("{FAE04EC0-301F-11D3-BF4B-00C04F79EFBC}") = "WindowsFormsApp1", "WindowsFormsApp1.csproj", "{DC641698-CFA2-405C-97F3-8E184437D9CD}"
EndProject
Global
	GlobalSection(SolutionConfigurationPlatforms) = preSolution
		Debug|Any CPU = Debug|Any CPU
		Release|Any CPU = Release|Any CPU
	EndGlobalSection
	GlobalSection(ProjectConfigurationPlatforms) = postSolution
		{DC641698-CFA2-405C-97F3-8E184437D9CD}.Debug|Any CPU.ActiveCfg = Debug|Any CPU
		{DC641698-CFA2-405C-97F3-8E184437D9CD}.Debug|Any CPU.Build.0 = Debug|Any CPU
		{DC641698-CFA2-405C-97F3-8E184437D9CD}.Release|Any CPU.ActiveCfg = Release|Any CPU
		{DC641698-CFA2-405C-97F3-8E184437D9CD}.Release|Any CPU.Build.0 = Release|Any CPU
	EndGlobalSection
	GlobalSection(SolutionProperties) = preSolution
		HideSolutionNode = FALSE
	EndGlobalSection
	GlobalSection(ExtensibilityGlobals) = postSolution
		SolutionGuid = {4D5479DB-7082-4956-9667-D094B3760471}
	EndGlobalSection
EndGlobal
